
Microsoft Visual Studio Solution File, Format Version 12.00
# Visual Studio Version 16
VisualStudioVersion = 16.0.31624.102
MinimumVisualStudioVersion = 10.0.40219.1
Project("{9A19103F-16F7-4668-BE54-9A1E7A4F7556}") = "SharpTool", "SharpTool\SharpTool.csproj", "{82CED71B-F519-4F71-813E-CBE64E388BF6}"
EndProject
Project("{FAE04EC0-301F-11D3-BF4B-00C04F79EFBC}") = "Sample", "Sample\Sample.csproj", "{5F514893-15A1-4760-B185-37421A7E5A9B}"
EndProject
Global
	GlobalSection(SolutionConfigurationPlatforms) = preSolution
		Debug|Any CPU = Debug|Any CPU
		Release|Any CPU = Release|Any CPU
	EndGlobalSection
	GlobalSection(ProjectConfigurationPlatforms) = postSolution
		{82CED71B-F519-4F71-813E-CBE64E388BF6}.Debug|Any CPU.ActiveCfg = Debug|Any CPU
		{82CED71B-F519-4F71-813E-CBE64E388BF6}.Debug|Any CPU.Build.0 = Debug|Any CPU
		{82CED71B-F519-4F71-813E-CBE64E388BF6}.Release|Any CPU.ActiveCfg = Release|Any CPU
		{82CED71B-F519-4F71-813E-CBE64E388BF6}.Release|Any CPU.Build.0 = Release|Any CPU
		{5F514893-15A1-4760-B185-37421A7E5A9B}.Debug|Any CPU.ActiveCfg = Debug|Any CPU
		{5F514893-15A1-4760-B185-37421A7E5A9B}.Debug|Any CPU.Build.0 = Debug|Any CPU
		{5F514893-15A1-4760-B185-37421A7E5A9B}.Release|Any CPU.ActiveCfg = Release|Any CPU
		{5F514893-15A1-4760-B185-37421A7E5A9B}.Release|Any CPU.Build.0 = Release|Any CPU
	EndGlobalSection
	GlobalSection(SolutionProperties) = preSolution
		HideSolutionNode = FALSE
	EndGlobalSection
	GlobalSection(ExtensibilityGlobals) = postSolution
		SolutionGuid = {3A1F5F0E-6A87-45C6-AAA9-88185D7D7645}
	EndGlobalSection
EndGlobal
